
Microsoft Visual Studio Solution File, Format Version 12.00
# Visual Studio Version 16
VisualStudioVersion = 16.0.32510.428
MinimumVisualStudioVersion = 10.0.40219.1
Project("{FAE04EC0-301F-11D3-BF4B-00C04F79EFBC}") = "WindowsFormsApp5", "WindowsFormsApp5\WindowsFormsApp5.csproj", "{EB7CE04B-C409-42A5-85D2-D6A7A239280A}"
EndProject
Global
	GlobalSection(SolutionConfigurationPlatforms) = preSolution
		Debug|Any CPU = Debug|Any CPU
		Release|Any CPU = Release|Any CPU
	EndGlobalSection
	GlobalSection(ProjectConfigurationPlatforms) = postSolution
		{EB7CE04B-C409-42A5-85D2-D6A7A239280A}.Debug|Any CPU.ActiveCfg = Debug|Any CPU
		{EB7CE04B-C409-42A5-85D2-D6A7A239280A}.Debug|Any CPU.Build.0 = Debug|Any CPU
		{EB7CE04B-C409-42A5-85D2-D6A7A239280A}.Release|Any CPU.ActiveCfg = Release|Any CPU
		{EB7CE04B-C409-42A5-85D2-D6A7A239280A}.Release|Any CPU.Build.0 = Release|Any CPU
	EndGlobalSection
	GlobalSection(SolutionProperties) = preSolution
		HideSolutionNode = FALSE
	EndGlobalSection
	GlobalSection(ExtensibilityGlobals) = postSolution
		SolutionGuid = {662EB63F-7EA0-4AD3-8E21-675E3B877957}
	EndGlobalSection
EndGlobal
